
Microsoft Visual Studio Solution File, Format Version 12.00
# Visual Studio Version 16
VisualStudioVersion = 16.0.31402.337
MinimumVisualStudioVersion = 10.0.40219.1
Project("{9A19103F-16F7-4668-BE54-9A1E7A4F7556}") = "Bob.Program6.Api", "Bob.Program6.Api\Bob.Program6.Api.csproj", "{BC33C5DA-9F63-404C-B0CF-55BBA07A5792}"
EndProject
Project("{9A19103F-16F7-4668-BE54-9A1E7A4F7556}") = "Bob.Program6.Test", "Bob.Program6.Test\Bob.Program6.Test.csproj", "{AAAAA616-CBA2-4E71-81E9-5B20A892C05D}"
EndProject
Project("{FAE04EC0-301F-11D3-BF4B-00C04F79EFBC}") = "Bob.Program6.Dao", "Bob.Program6.Dao\Bob.Program6.Dao.csproj", "{1D0DD8E2-A270-4720-BCD1-BA57AFFA7CC4}"
EndProject
Project("{FAE04EC0-301F-11D3-BF4B-00C04F79EFBC}") = "Bob.Program6.Security", "Bob.Program6.Security\Bob.Program6.Security.csproj", "{4D19431B-262B-43DF-94C6-3CADC3E584E8}"
EndProject
Global
	GlobalSection(SolutionConfigurationPlatforms) = preSolution
		Debug|Any CPU = Debug|Any CPU
		Release|Any CPU = Release|Any CPU
	EndGlobalSection
	GlobalSection(ProjectConfigurationPlatforms) = postSolution
		{BC33C5DA-9F63-404C-B0CF-55BBA07A5792}.Debug|Any CPU.ActiveCfg = Debug|Any CPU
		{BC33C5DA-9F63-404C-B0CF-55BBA07A5792}.Debug|Any CPU.Build.0 = Debug|Any CPU
		{BC33C5DA-9F63-404C-B0CF-55BBA07A5792}.Release|Any CPU.ActiveCfg = Release|Any CPU
		{BC33C5DA-9F63-404C-B0CF-55BBA07A5792}.Release|Any CPU.Build.0 = Release|Any CPU
		{AAAAA616-CBA2-4E71-81E9-5B20A892C05D}.Debug|Any CPU.ActiveCfg = Debug|Any CPU
		{AAAAA616-CBA2-4E71-81E9-5B20A892C05D}.Debug|Any CPU.Build.0 = Debug|Any CPU
		{AAAAA616-CBA2-4E71-81E9-5B20A892C05D}.Release|Any CPU.ActiveCfg = Release|Any CPU
		{AAAAA616-CBA2-4E71-81E9-5B20A892C05D}.Release|Any CPU.Build.0 = Release|Any CPU
		{1D0DD8E2-A270-4720-BCD1-BA57AFFA7CC4}.Debug|Any CPU.ActiveCfg = Debug|Any CPU
		{1D0DD8E2-A270-4720-BCD1-BA57AFFA7CC4}.Debug|Any CPU.Build.0 = Debug|Any CPU
		{1D0DD8E2-A270-4720-BCD1-BA57AFFA7CC4}.Release|Any CPU.ActiveCfg = Release|Any CPU
		{1D0DD8E2-A270-4720-BCD1-BA57AFFA7CC4}.Release|Any CPU.Build.0 = Release|Any CPU
		{4D19431B-262B-43DF-94C6-3CADC3E584E8}.Debug|Any CPU.ActiveCfg = Debug|Any CPU
		{4D19431B-262B-43DF-94C6-3CADC3E584E8}.Debug|Any CPU.Build.0 = Debug|Any CPU
		{4D19431B-262B-43DF-94C6-3CADC3E584E8}.Release|Any CPU.ActiveCfg = Release|Any CPU
		{4D19431B-262B-43DF-94C6-3CADC3E584E8}.Release|Any CPU.Build.0 = Release|Any CPU
	EndGlobalSection
	GlobalSection(SolutionProperties) = preSolution
		HideSolutionNode = FALSE
	EndGlobalSection
	GlobalSection(ExtensibilityGlobals) = postSolution
		SolutionGuid = {AFCB655A-15D1-47F4-A35B-B2039D7A413E}
	EndGlobalSection
EndGlobal
